// !$*UTF8*$!
{
	archiveVersion = 1;
	classes = {
	};
	objectVersion = 77;
	objects = {

/* Begin PBXBuildFile section */
		2FFA400D2FBB0783007E80EC /* FirebaseAI in Frameworks */ = {isa = PBXBuildFile; productRef = 2FFA400C2FBB0783007E80EC /* FirebaseAI */; };
		2FFA400F2FBB0783007E80EC /* FirebaseAILogic in Frameworks */ = {isa = PBXBuildFile; productRef = 2FFA400E2FBB0783007E80EC /* FirebaseAILogic */; };
		2FFA40112FBB0783007E80EC /* FirebaseAnalytics in Frameworks */ = {isa = PBXBuildFile; productRef = 2FFA40102FBB0783007E80EC /* FirebaseAnalytics */; };
		2FFA40132FBB0783007E80EC /* FirebaseAnalyticsCore in Frameworks */ = {isa = PBXBuildFile; productRef = 2FFA40122FBB0783007E80EC /* FirebaseAnalyticsCore */; };
		2FFA40152FBB0783007E80EC /* FirebaseAnalyticsIdentitySupport in Frameworks */ = {isa = PBXBuildFile; productRef = 2FFA40142FBB0783007E80EC /* FirebaseAnalyticsIdentitySupport */; };
		2FFA40172FBB0783007E80EC /* FirebaseAppCheck in Frameworks */ = {isa = PBXBuildFile; productRef = 2FFA40162FBB0783007E80EC /* FirebaseAppCheck */; };
		2FFA40192FBB0783007E80EC /* FirebaseAppDistribution-Beta in Frameworks */ = {isa = PBXBuildFile; productRef = 2FFA40182FBB0783007E80EC /* FirebaseAppDistribution-Beta */; };
		2FFA401B2FBB0783007E80EC /* FirebaseAuth in Frameworks */ = {isa = PBXBuildFile; productRef = 2FFA401A2FBB0783007E80EC /* FirebaseAuth */; };
		2FFA401D2FBB0783007E80EC /* FirebaseAuthCombine-Community in Frameworks */ = {isa = PBXBuildFile; productRef = 2FFA401C2FBB0783007E80EC /* FirebaseAuthCombine-Community */; };
		2FFA401F2FBB0783007E80EC /* FirebaseCore in Frameworks */ = {isa = PBXBuildFile; productRef = 2FFA401E2FBB0783007E80EC /* FirebaseCore */; };
		2FFA40212FBB0783007E80EC /* FirebaseCrashlytics in Frameworks */ = {isa = PBXBuildFile; productRef = 2FFA40202FBB0783007E80EC /* FirebaseCrashlytics */; };
		2FFA40232FBB0783007E80EC /* FirebaseDatabase in Frameworks */ = {isa = PBXBuildFile; productRef = 2FFA40222FBB0783007E80EC /* FirebaseDatabase */; };
		2FFA40252FBB0783007E80EC /* FirebaseFirestore in Frameworks */ = {isa = PBXBuildFile; productRef = 2FFA40242FBB0783007E80EC /* FirebaseFirestore */; };
		2FFA40272FBB0783007E80EC /* FirebaseFirestoreCombine-Community in Frameworks */ = {isa = PBXBuildFile; productRef = 2FFA40262FBB0783007E80EC /* FirebaseFirestoreCombine-Community */; };
		2FFA40292FBB0783007E80EC /* FirebaseFunctions in Frameworks */ = {isa = PBXBuildFile; productRef = 2FFA40282FBB0783007E80EC /* FirebaseFunctions */; };
		2FFA402B2FBB0783007E80EC /* FirebaseFunctionsCombine-Community in Frameworks */ = {isa = PBXBuildFile; productRef = 2FFA402A2FBB0783007E80EC /* FirebaseFunctionsCombine-Community */; };
		2FFA402D2FBB0783007E80EC /* FirebaseInAppMessaging-Beta in Frameworks */ = {isa = PBXBuildFile; productRef = 2FFA402C2FBB0783007E80EC /* FirebaseInAppMessaging-Beta */; };
		2FFA402F2FBB0783007E80EC /* FirebaseInstallations in Frameworks */ = {isa = PBXBuildFile; productRef = 2FFA402E2FBB0783007E80EC /* FirebaseInstallations */; };
		2FFA40312FBB0783007E80EC /* FirebaseMLModelDownloader in Frameworks */ = {isa = PBXBuildFile; productRef = 2FFA40302FBB0783007E80EC /* FirebaseMLModelDownloader */; };
		2FFA40332FBB0783007E80EC /* FirebaseMessaging in Frameworks */ = {isa = PBXBuildFile; productRef = 2FFA40322FBB0783007E80EC /* FirebaseMessaging */; };
		2FFA40352FBB0783007E80EC /* FirebasePerformance in Frameworks */ = {isa = PBXBuildFile; productRef = 2FFA40342FBB0783007E80EC /* FirebasePerformance */; };
		2FFA40372FBB0783007E80EC /* FirebaseRemoteConfig in Frameworks */ = {isa = PBXBuildFile; productRef = 2FFA40362FBB0783007E80EC /* FirebaseRemoteConfig */; };
		2FFA40392FBB0783007E80EC /* FirebaseStorage in Frameworks */ = {isa = PBXBuildFile; productRef = 2FFA40382FBB0783007E80EC /* FirebaseStorage */; };
		2FFA403B2FBB0783007E80EC /* FirebaseStorageCombine-Community in Frameworks */ = {isa = PBXBuildFile; productRef = 2FFA403A2FBB0783007E80EC /* FirebaseStorageCombine-Community */; };
/* End PBXBuildFile section */

/* Begin PBXFileReference section */
		2FFA3FF12FBB0621007E80EC /* Assignment3.app */ = {isa = PBXFileReference; explicitFileType = wrapper.application; includeInIndex = 0; path = Assignment3.app; sourceTree = BUILT_PRODUCTS_DIR; };
/* End PBXFileReference section */

/* Begin PBXFileSystemSynchronizedBuildFileExceptionSet section */
		2FFA40032FBB0622007E80EC /* Exceptions for "Assignment3" folder in "Assignment3" target */ = {
			isa = PBXFileSystemSynchronizedBuildFileExceptionSet;
			membershipExceptions = (
				Info.plist,
			);
			target = 2FFA3FF02FBB0621007E80EC /* Assignment3 */;
		};
/* End PBXFileSystemSynchronizedBuildFileExceptionSet section */

/* Begin PBXFileSystemSynchronizedRootGroup section */
		2FFA3FF32FBB0621007E80EC /* Assignment3 */ = {
			isa = PBXFileSystemSynchronizedRootGroup;
			exceptions = (
				2FFA40032FBB0622007E80EC /* Exceptions for "Assignment3" folder in "Assignment3" target */,
			);
			path = Assignment3;
			sourceTree = "<group>";
		};
/* End PBXFileSystemSynchronizedRootGroup section */

/* Begin PBXFrameworksBuildPhase section */
		2FFA3FEE2FBB0621007E80EC /* Frameworks */ = {
			isa = PBXFrameworksBuildPhase;
			buildActionMask = 2147483647;
			files = (
				2FFA40192FBB0783007E80EC /* FirebaseAppDistribution-Beta in Frameworks */,
				2FFA40252FBB0783007E80EC /* FirebaseFirestore in Frameworks */,
				2FFA401D2FBB0783007E80EC /* FirebaseAuthCombine-Community in Frameworks */,
				2FFA402F2FBB0783007E80EC /* FirebaseInstallations in Frameworks */,
				2FFA400F2FBB0783007E80EC /* FirebaseAILogic in Frameworks */,
				2FFA40152FBB0783007E80EC /* FirebaseAnalyticsIdentitySupport in Frameworks */,
				2FFA402D2FBB0783007E80EC /* FirebaseInAppMessaging-Beta in Frameworks */,
				2FFA400D2FBB0783007E80EC /* FirebaseAI in Frameworks */,
				2FFA40212FBB0783007E80EC /* FirebaseCrashlytics in Frameworks */,
				2FFA402B2FBB0783007E80EC /* FirebaseFunctionsCombine-Community in Frameworks */,
				2FFA403B2FBB0783007E80EC /* FirebaseStorageCombine-Community in Frameworks */,
				2FFA40232FBB0783007E80EC /* FirebaseDatabase in Frameworks */,
				2FFA40392FBB0783007E80EC /* FirebaseStorage in Frameworks */,
				2FFA40372FBB0783007E80EC /* FirebaseRemoteConfig in Frameworks */,
				2FFA40112FBB0783007E80EC /* FirebaseAnalytics in Frameworks */,
				2FFA40332FBB0783007E80EC /* FirebaseMessaging in Frameworks */,
				2FFA40312FBB0783007E80EC /* FirebaseMLModelDownloader in Frameworks */,
				2FFA40352FBB0783007E80EC /* FirebasePerformance in Frameworks */,
				2FFA401F2FBB0783007E80EC /* FirebaseCore in Frameworks */,
				2FFA40172FBB0783007E80EC /* FirebaseAppCheck in Frameworks */,
				2FFA40132FBB0783007E80EC /* FirebaseAnalyticsCore in Frameworks */,
				2FFA40292FBB0783007E80EC /* FirebaseFunctions in Frameworks */,
				2FFA401B2FBB0783007E80EC /* FirebaseAuth in Frameworks */,
				2FFA40272FBB0783007E80EC /* FirebaseFirestoreCombine-Community in Frameworks */,
			);
			runOnlyForDeploymentPostprocessing = 0;
		};
/* End PBXFrameworksBuildPhase section */

/* Begin PBXGroup section */
		2FFA3FE82FBB0621007E80EC = {
			isa = PBXGroup;
			children = (
				2FFA3FF32FBB0621007E80EC /* Assignment3 */,
				2FFA3FF22FBB0621007E80EC /* Products */,
			);
			sourceTree = "<group>";
		};
		2FFA3FF22FBB0621007E80EC /* Products */ = {
			isa = PBXGroup;
			children = (
				2FFA3FF12FBB0621007E80EC /* Assignment3.app */,
			);
			name = Products;
			sourceTree = "<group>";
		};
/* End PBXGroup section */

/* Begin PBXNativeTarget section */
		2FFA3FF02FBB0621007E80EC /* Assignment3 */ = {
			isa = PBXNativeTarget;
			buildConfigurationList = 2FFA40042FBB0622007E80EC /* Build configuration list for PBXNativeTarget "Assignment3" */;
			buildPhases = (
				2FFA3FED2FBB0621007E80EC /* Sources */,
				2FFA3FEE2FBB0621007E80EC /* Frameworks */,
				2FFA3FEF2FBB0621007E80EC /* Resources */,
			);
			buildRules = (
			);
			dependencies = (
			);
			fileSystemSynchronizedGroups = (
				2FFA3FF32FBB0621007E80EC /* Assignment3 */,
			);
			name = Assignment3;
			packageProductDependencies = (
				2FFA400C2FBB0783007E80EC /* FirebaseAI */,
				2FFA400E2FBB0783007E80EC /* FirebaseAILogic */,
				2FFA40102FBB0783007E80EC /* FirebaseAnalytics */,
				2FFA40122FBB0783007E80EC /* FirebaseAnalyticsCore */,
				2FFA40142FBB0783007E80EC /* FirebaseAnalyticsIdentitySupport */,
				2FFA40162FBB0783007E80EC /* FirebaseAppCheck */,
				2FFA40182FBB0783007E80EC /* FirebaseAppDistribution-Beta */,
				2FFA401A2FBB0783007E80EC /* FirebaseAuth */,
				2FFA401C2FBB0783007E80EC /* FirebaseAuthCombine-Community */,
				2FFA401E2FBB0783007E80EC /* FirebaseCore */,
				2FFA40202FBB0783007E80EC /* FirebaseCrashlytics */,
				2FFA40222FBB0783007E80EC /* FirebaseDatabase */,
				2FFA40242FBB0783007E80EC /* FirebaseFirestore */,
				2FFA40262FBB0783007E80EC /* FirebaseFirestoreCombine-Community */,
				2FFA40282FBB0783007E80EC /* FirebaseFunctions */,
				2FFA402A2FBB0783007E80EC /* FirebaseFunctionsCombine-Community */,
				2FFA402C2FBB0783007E80EC /* FirebaseInAppMessaging-Beta */,
				2FFA402E2FBB0783007E80EC /* FirebaseInstallations */,
				2FFA40302FBB0783007E80EC /* FirebaseMLModelDownloader */,
				2FFA40322FBB0783007E80EC /* FirebaseMessaging */,
				2FFA40342FBB0783007E80EC /* FirebasePerformance */,
				2FFA40362FBB0783007E80EC /* FirebaseRemoteConfig */,
				2FFA40382FBB0783007E80EC /* FirebaseStorage */,
				2FFA403A2FBB0783007E80EC /* FirebaseStorageCombine-Community */,
			);
			productName = Assignment3;
			productReference = 2FFA3FF12FBB0621007E80EC /* Assignment3.app */;
			productType = "com.apple.product-type.application";
		};
/* End PBXNativeTarget section */

/* Begin PBXProject section */
		2FFA3FE92FBB0621007E80EC /* Project object */ = {
			isa = PBXProject;
			attributes = {
				BuildIndependentTargetsInParallel = 1;
				LastSwiftUpdateCheck = 2640;
				LastUpgradeCheck = 2640;
				TargetAttributes = {
					2FFA3FF02FBB0621007E80EC = {
						CreatedOnToolsVersion = 26.4;
					};
				};
			};
			buildConfigurationList = 2FFA3FEC2FBB0621007E80EC /* Build configuration list for PBXProject "Assignment3" */;
			developmentRegion = en;
			hasScannedForEncodings = 0;
			knownRegions = (
				en,
				Base,
			);
			mainGroup = 2FFA3FE82FBB0621007E80EC;
			minimizedProjectReferenceProxies = 1;
			packageReferences = (
				2FFA400B2FBB0783007E80EC /* XCRemoteSwiftPackageReference "firebase-ios-sdk" */,
			);
			preferredProjectObjectVersion = 77;
			productRefGroup = 2FFA3FF22FBB0621007E80EC /* Products */;
			projectDirPath = "";
			projectRoot = "";
			targets = (
				2FFA3FF02FBB0621007E80EC /* Assignment3 */,
			);
		};
/* End PBXProject section */

/* Begin PBXResourcesBuildPhase section */
		2FFA3FEF2FBB0621007E80EC /* Resources */ = {
			isa = PBXResourcesBuildPhase;
			buildActionMask = 2147483647;
			files = (
			);
			runOnlyForDeploymentPostprocessing = 0;
		};
/* End PBXResourcesBuildPhase section */

/* Begin PBXSourcesBuildPhase section */
		2FFA3FED2FBB0621007E80EC /* Sources */ = {
			isa = PBXSourcesBuildPhase;
			buildActionMask = 2147483647;
			files = (
			);
			runOnlyForDeploymentPostprocessing = 0;
		};
/* End PBXSourcesBuildPhase section */

/* Begin XCBuildConfiguration section */
		2FFA40052FBB0622007E80EC /* Debug */ = {
			isa = XCBuildConfiguration;
			buildSettings = {
				ASSETCATALOG_COMPILER_APPICON_NAME = AppIcon;
				ASSETCATALOG_COMPILER_GLOBAL_ACCENT_COLOR_NAME = AccentColor;
				CODE_SIGN_STYLE = Automatic;
				CURRENT_PROJECT_VERSION = 1;
				GENERATE_INFOPLIST_FILE = YES;
				INFOPLIST_FILE = Assignment3/Info.plist;
				INFOPLIST_KEY_UIApplicationSupportsIndirectInputEvents = YES;
				INFOPLIST_KEY_UILaunchStoryboardName = LaunchScreen;
				INFOPLIST_KEY_UIMainStoryboardFile = Main;
				INFOPLIST_KEY_UISupportedInterfaceOrientations_iPad = "UIInterfaceOrientationPortrait UIInterfaceOrientationPortraitUpsideDown UIInterfaceOrientationLandscapeLeft UIInterfaceOrientationLandscapeRight";
				INFOPLIST_KEY_UISupportedInterfaceOrientations_iPhone = "UIInterfaceOrientationPortrait UIInterfaceOrientationLandscapeLeft UIInterfaceOrientationLandscapeRight";
				LD_RUNPATH_SEARCH_PATHS = (
					"$(inherited)",
					"@executable_path/Frameworks",
				);
				MARKETING_VERSION = 1.0;
				PRODUCT_BUNDLE_IDENTIFIER = au.edu.utas.kit305.Assignment3;
				PRODUCT_NAME = "$(TARGET_NAME)";
				STRING_CATALOG_GENERATE_SYMBOLS = YES;
				SWIFT_APPROACHABLE_CONCURRENCY = YES;
				SWIFT_DEFAULT_ACTOR_ISOLATION = MainActor;
				SWIFT_EMIT_LOC_STRINGS = YES;
				SWIFT_UPCOMING_FEATURE_MEMBER_IMPORT_VISIBILITY = YES;
				SWIFT_VERSION = 5.0;
				TARGETED_DEVICE_FAMILY = "1,2";
			};
			name = Debug;
		};
		2FFA40062FBB0622007E80EC /* Release */ = {
			isa = XCBuildConfiguration;
			buildSettings = {
				ASSETCATALOG_COMPILER_APPICON_NAME = AppIcon;
				ASSETCATALOG_COMPILER_GLOBAL_ACCENT_COLOR_NAME = AccentColor;
				CODE_SIGN_STYLE = Automatic;
				CURRENT_PROJECT_VERSION = 1;
				GENERATE_INFOPLIST_FILE = YES;
				INFOPLIST_FILE = Assignment3/Info.plist;
				INFOPLIST_KEY_UIApplicationSupportsIndirectInputEvents = YES;
				INFOPLIST_KEY_UILaunchStoryboardName = LaunchScreen;
				INFOPLIST_KEY_UIMainStoryboardFile = Main;
				INFOPLIST_KEY_UISupportedInterfaceOrientations_iPad = "UIInterfaceOrientationPortrait UIInterfaceOrientationPortraitUpsideDown UIInterfaceOrientationLandscapeLeft UIInterfaceOrientationLandscapeRight";
				INFOPLIST_KEY_UISupportedInterfaceOrientations_iPhone = "UIInterfaceOrientationPortrait UIInterfaceOrientationLandscapeLeft UIInterfaceOrientationLandscapeRight";
				LD_RUNPATH_SEARCH_PATHS = (
					"$(inherited)",
					"@executable_path/Frameworks",
				);
				MARKETING_VERSION = 1.0;
				PRODUCT_BUNDLE_IDENTIFIER = au.edu.utas.kit305.Assignment3;
				PRODUCT_NAME = "$(TARGET_NAME)";
				STRING_CATALOG_GENERATE_SYMBOLS = YES;
				SWIFT_APPROACHABLE_CONCURRENCY = YES;
				SWIFT_DEFAULT_ACTOR_ISOLATION = MainActor;
				SWIFT_EMIT_LOC_STRINGS = YES;
				SWIFT_UPCOMING_FEATURE_MEMBER_IMPORT_VISIBILITY = YES;
				SWIFT_VERSION = 5.0;
				TARGETED_DEVICE_FAMILY = "1,2";
			};
			name = Release;
		};
		2FFA40072FBB0622007E80EC /* Debug */ = {
			isa = XCBuildConfiguration;
			buildSettings = {
				ALWAYS_SEARCH_USER_PATHS = NO;
				ASSETCATALOG_COMPILER_GENERATE_SWIFT_ASSET_SYMBOL_EXTENSIONS = YES;
				CLANG_ANALYZER_NONNULL = YES;
				CLANG_ANALYZER_NUMBER_OBJECT_CONVERSION = YES_AGGRESSIVE;
				CLANG_CXX_LANGUAGE_STANDARD = "gnu++20";
				CLANG_ENABLE_MODULES = YES;
				CLANG_ENABLE_OBJC_ARC = YES;
				CLANG_ENABLE_OBJC_WEAK = YES;
				CLANG_WARN_BLOCK_CAPTURE_AUTORELEASING = YES;
				CLANG_WARN_BOOL_CONVERSION = YES;
				CLANG_WARN_COMMA = YES;
				CLANG_WARN_CONSTANT_CONVERSION = YES;
				CLANG_WARN_DEPRECATED_OBJC_IMPLEMENTATIONS = YES;
				CLANG_WARN_DIRECT_OBJC_ISA_USAGE = YES_ERROR;
				CLANG_WARN_DOCUMENTATION_COMMENTS = YES;
				CLANG_WARN_EMPTY_BODY = YES;
				CLANG_WARN_ENUM_CONVERSION = YES;
				CLANG_WARN_INFINITE_RECURSION = YES;
				CLANG_WARN_INT_CONVERSION = YES;
				CLANG_WARN_NON_LITERAL_NULL_CONVERSION = YES;
				CLANG_WARN_OBJC_IMPLICIT_RETAIN_SELF = YES;
				CLANG_WARN_OBJC_LITERAL_CONVERSION = YES;
				CLANG_WARN_OBJC_ROOT_CLASS = YES_ERROR;
				CLANG_WARN_QUOTED_INCLUDE_IN_FRAMEWORK_HEADER = YES;
				CLANG_WARN_RANGE_LOOP_ANALYSIS = YES;
				CLANG_WARN_STRICT_PROTOTYPES = YES;
				CLANG_WARN_SUSPICIOUS_MOVE = YES;
				CLANG_WARN_UNGUARDED_AVAILABILITY = YES_AGGRESSIVE;
				CLANG_WARN_UNREACHABLE_CODE = YES;
				CLANG_WARN__DUPLICATE_METHOD_MATCH = YES;
				COPY_PHASE_STRIP = NO;
				DEBUG_INFORMATION_FORMAT = dwarf;
				ENABLE_STRICT_OBJC_MSGSEND = YES;
				ENABLE_TESTABILITY = YES;
				ENABLE_USER_SCRIPT_SANDBOXING = YES;
				GCC_C_LANGUAGE_STANDARD = gnu17;
				GCC_DYNAMIC_NO_PIC = NO;
				GCC_NO_COMMON_BLOCKS = YES;
				GCC_OPTIMIZATION_LEVEL = 0;
				GCC_PREPROCESSOR_DEFINITIONS = (
					"DEBUG=1",
					"$(inherited)",
				);
				GCC_WARN_64_TO_32_BIT_CONVERSION = YES;
				GCC_WARN_ABOUT_RETURN_TYPE = YES_ERROR;
				GCC_WARN_UNDECLARED_SELECTOR = YES;
				GCC_WARN_UNINITIALIZED_AUTOS = YES_AGGRESSIVE;
				GCC_WARN_UNUSED_FUNCTION = YES;
				GCC_WARN_UNUSED_VARIABLE = YES;
				IPHONEOS_DEPLOYMENT_TARGET = 26.4;
				LOCALIZATION_PREFERS_STRING_CATALOGS = YES;
				MTL_ENABLE_DEBUG_INFO = INCLUDE_SOURCE;
				MTL_FAST_MATH = YES;
				ONLY_ACTIVE_ARCH = YES;
				SDKROOT = iphoneos;
				SWIFT_ACTIVE_COMPILATION_CONDITIONS = "DEBUG $(inherited)";
				SWIFT_OPTIMIZATION_LEVEL = "-Onone";
			};
			name = Debug;
		};
		2FFA40082FBB0622007E80EC /* Release */ = {
			isa = XCBuildConfiguration;
			buildSettings = {
				ALWAYS_SEARCH_USER_PATHS = NO;
				ASSETCATALOG_COMPILER_GENERATE_SWIFT_ASSET_SYMBOL_EXTENSIONS = YES;
				CLANG_ANALYZER_NONNULL = YES;
				CLANG_ANALYZER_NUMBER_OBJECT_CONVERSION = YES_AGGRESSIVE;
				CLANG_CXX_LANGUAGE_STANDARD = "gnu++20";
				CLANG_ENABLE_MODULES = YES;
				CLANG_ENABLE_OBJC_ARC = YES;
				CLANG_ENABLE_OBJC_WEAK = YES;
				CLANG_WARN_BLOCK_CAPTURE_AUTORELEASING = YES;
				CLANG_WARN_BOOL_CONVERSION = YES;
				CLANG_WARN_COMMA = YES;
				CLANG_WARN_CONSTANT_CONVERSION = YES;
				CLANG_WARN_DEPRECATED_OBJC_IMPLEMENTATIONS = YES;
				CLANG_WARN_DIRECT_OBJC_ISA_USAGE = YES_ERROR;
				CLANG_WARN_DOCUMENTATION_COMMENTS = YES;
				CLANG_WARN_EMPTY_BODY = YES;
				CLANG_WARN_ENUM_CONVERSION = YES;
				CLANG_WARN_INFINITE_RECURSION = YES;
				CLANG_WARN_INT_CONVERSION = YES;
				CLANG_WARN_NON_LITERAL_NULL_CONVERSION = YES;
				CLANG_WARN_OBJC_IMPLICIT_RETAIN_SELF = YES;
				CLANG_WARN_OBJC_LITERAL_CONVERSION = YES;
				CLANG_WARN_OBJC_ROOT_CLASS = YES_ERROR;
				CLANG_WARN_QUOTED_INCLUDE_IN_FRAMEWORK_HEADER = YES;
				CLANG_WARN_RANGE_LOOP_ANALYSIS = YES;
				CLANG_WARN_STRICT_PROTOTYPES = YES;
				CLANG_WARN_SUSPICIOUS_MOVE = YES;
				CLANG_WARN_UNGUARDED_AVAILABILITY = YES_AGGRESSIVE;
				CLANG_WARN_UNREACHABLE_CODE = YES;
				CLANG_WARN__DUPLICATE_METHOD_MATCH = YES;
				COPY_PHASE_STRIP = NO;
				DEBUG_INFORMATION_FORMAT = "dwarf-with-dsym";
				ENABLE_NS_ASSERTIONS = NO;
				ENABLE_STRICT_OBJC_MSGSEND = YES;
				ENABLE_USER_SCRIPT_SANDBOXING = YES;
				GCC_C_LANGUAGE_STANDARD = gnu17;
				GCC_NO_COMMON_BLOCKS = YES;
				GCC_WARN_64_TO_32_BIT_CONVERSION = YES;
				GCC_WARN_ABOUT_RETURN_TYPE = YES_ERROR;
				GCC_WARN_UNDECLARED_SELECTOR = YES;
				GCC_WARN_UNINITIALIZED_AUTOS = YES_AGGRESSIVE;
				GCC_WARN_UNUSED_FUNCTION = YES;
				GCC_WARN_UNUSED_VARIABLE = YES;
				IPHONEOS_DEPLOYMENT_TARGET = 26.4;
				LOCALIZATION_PREFERS_STRING_CATALOGS = YES;
				MTL_ENABLE_DEBUG_INFO = NO;
				MTL_FAST_MATH = YES;
				SDKROOT = iphoneos;
				SWIFT_COMPILATION_MODE = wholemodule;
				VALIDATE_PRODUCT = YES;
			};
			name = Release;
		};
/* End XCBuildConfiguration section */

/* Begin XCConfigurationList section */
		2FFA3FEC2FBB0621007E80EC /* Build configuration list for PBXProject "Assignment3" */ = {
			isa = XCConfigurationList;
			buildConfigurations = (
				2FFA40072FBB0622007E80EC /* Debug */,
				2FFA40082FBB0622007E80EC /* Release */,
			);
			defaultConfigurationIsVisible = 0;
			defaultConfigurationName = Release;
		};
		2FFA40042FBB0622007E80EC /* Build configuration list for PBXNativeTarget "Assignment3" */ = {
			isa = XCConfigurationList;
			buildConfigurations = (
				2FFA40052FBB0622007E80EC /* Debug */,
				2FFA40062FBB0622007E80EC /* Release */,
			);
			defaultConfigurationIsVisible = 0;
			defaultConfigurationName = Release;
		};
/* End XCConfigurationList section */

/* Begin XCRemoteSwiftPackageReference section */
		2FFA400B2FBB0783007E80EC /* XCRemoteSwiftPackageReference "firebase-ios-sdk" */ = {
			isa = XCRemoteSwiftPackageReference;
			repositoryURL = "https://github.com/firebase/firebase-ios-sdk";
			requirement = {
				kind = upToNextMajorVersion;
				minimumVersion = 12.13.0;
			};
		};
/* End XCRemoteSwiftPackageReference section */

/* Begin XCSwiftPackageProductDependency section */
		2FFA400C2FBB0783007E80EC /* FirebaseAI */ = {
			isa = XCSwiftPackageProductDependency;
			package = 2FFA400B2FBB0783007E80EC /* XCRemoteSwiftPackageReference "firebase-ios-sdk" */;
			productName = FirebaseAI;
		};
		2FFA400E2FBB0783007E80EC /* FirebaseAILogic */ = {
			isa = XCSwiftPackageProductDependency;
			package = 2FFA400B2FBB0783007E80EC /* XCRemoteSwiftPackageReference "firebase-ios-sdk" */;
			productName = FirebaseAILogic;
		};
		2FFA40102FBB0783007E80EC /* FirebaseAnalytics */ = {
			isa = XCSwiftPackageProductDependency;
			package = 2FFA400B2FBB0783007E80EC /* XCRemoteSwiftPackageReference "firebase-ios-sdk" */;
			productName = FirebaseAnalytics;
		};
		2FFA40122FBB0783007E80EC /* FirebaseAnalyticsCore */ = {
			isa = XCSwiftPackageProductDependency;
			package = 2FFA400B2FBB0783007E80EC /* XCRemoteSwiftPackageReference "firebase-ios-sdk" */;
			productName = FirebaseAnalyticsCore;
		};
		2FFA40142FBB0783007E80EC /* FirebaseAnalyticsIdentitySupport */ = {
			isa = XCSwiftPackageProductDependency;
			package = 2FFA400B2FBB0783007E80EC /* XCRemoteSwiftPackageReference "firebase-ios-sdk" */;
			productName = FirebaseAnalyticsIdentitySupport;
		};
		2FFA40162FBB0783007E80EC /* FirebaseAppCheck */ = {
			isa = XCSwiftPackageProductDependency;
			package = 2FFA400B2FBB0783007E80EC /* XCRemoteSwiftPackageReference "firebase-ios-sdk" */;
			productName = FirebaseAppCheck;
		};
		2FFA40182FBB0783007E80EC /* FirebaseAppDistribution-Beta */ = {
			isa = XCSwiftPackageProductDependency;
			package = 2FFA400B2FBB0783007E80EC /* XCRemoteSwiftPackageReference "firebase-ios-sdk" */;
			productName = "FirebaseAppDistribution-Beta";
		};
		2FFA401A2FBB0783007E80EC /* FirebaseAuth */ = {
			isa = XCSwiftPackageProductDependency;
			package = 2FFA400B2FBB0783007E80EC /* XCRemoteSwiftPackageReference "firebase-ios-sdk" */;
			productName = FirebaseAuth;
		};
		2FFA401C2FBB0783007E80EC /* FirebaseAuthCombine-Community */ = {
			isa = XCSwiftPackageProductDependency;
			package = 2FFA400B2FBB0783007E80EC /* XCRemoteSwiftPackageReference "firebase-ios-sdk" */;
			productName = "FirebaseAuthCombine-Community";
		};
		2FFA401E2FBB0783007E80EC /* FirebaseCore */ = {
			isa = XCSwiftPackageProductDependency;
			package = 2FFA400B2FBB0783007E80EC /* XCRemoteSwiftPackageReference "firebase-ios-sdk" */;
			productName = FirebaseCore;
		};
		2FFA40202FBB0783007E80EC /* FirebaseCrashlytics */ = {
			isa = XCSwiftPackageProductDependency;
			package = 2FFA400B2FBB0783007E80EC /* XCRemoteSwiftPackageReference "firebase-ios-sdk" */;
			productName = FirebaseCrashlytics;
		};
		2FFA40222FBB0783007E80EC /* FirebaseDatabase */ = {
			isa = XCSwiftPackageProductDependency;
			package = 2FFA400B2FBB0783007E80EC /* XCRemoteSwiftPackageReference "firebase-ios-sdk" */;
			productName = FirebaseDatabase;
		};
		2FFA40242FBB0783007E80EC /* FirebaseFirestore */ = {
			isa = XCSwiftPackageProductDependency;
			package = 2FFA400B2FBB0783007E80EC /* XCRemoteSwiftPackageReference "firebase-ios-sdk" */;
			productName = FirebaseFirestore;
		};
		2FFA40262FBB0783007E80EC /* FirebaseFirestoreCombine-Community */ = {
			isa = XCSwiftPackageProductDependency;
			package = 2FFA400B2FBB0783007E80EC /* XCRemoteSwiftPackageReference "firebase-ios-sdk" */;
			productName = "FirebaseFirestoreCombine-Community";
		};
		2FFA40282FBB0783007E80EC /* FirebaseFunctions */ = {
			isa = XCSwiftPackageProductDependency;
			package = 2FFA400B2FBB0783007E80EC /* XCRemoteSwiftPackageReference "firebase-ios-sdk" */;
			productName = FirebaseFunctions;
		};
		2FFA402A2FBB0783007E80EC /* FirebaseFunctionsCombine-Community */ = {
			isa = XCSwiftPackageProductDependency;
			package = 2FFA400B2FBB0783007E80EC /* XCRemoteSwiftPackageReference "firebase-ios-sdk" */;
			productName = "FirebaseFunctionsCombine-Community";
		};
		2FFA402C2FBB0783007E80EC /* FirebaseInAppMessaging-Beta */ = {
			isa = XCSwiftPackageProductDependency;
			package = 2FFA400B2FBB0783007E80EC /* XCRemoteSwiftPackageReference "firebase-ios-sdk" */;
			productName = "FirebaseInAppMessaging-Beta";
		};
		2FFA402E2FBB0783007E80EC /* FirebaseInstallations */ = {
			isa = XCSwiftPackageProductDependency;
			package = 2FFA400B2FBB0783007E80EC /* XCRemoteSwiftPackageReference "firebase-ios-sdk" */;
			productName = FirebaseInstallations;
		};
		2FFA40302FBB0783007E80EC /* FirebaseMLModelDownloader */ = {
			isa = XCSwiftPackageProductDependency;
			package = 2FFA400B2FBB0783007E80EC /* XCRemoteSwiftPackageReference "firebase-ios-sdk" */;
			productName = FirebaseMLModelDownloader;
		};
		2FFA40322FBB0783007E80EC /* FirebaseMessaging */ = {
			isa = XCSwiftPackageProductDependency;
			package = 2FFA400B2FBB0783007E80EC /* XCRemoteSwiftPackageReference "firebase-ios-sdk" */;
			productName = FirebaseMessaging;
		};
		2FFA40342FBB0783007E80EC /* FirebasePerformance */ = {
			isa = XCSwiftPackageProductDependency;
			package = 2FFA400B2FBB0783007E80EC /* XCRemoteSwiftPackageReference "firebase-ios-sdk" */;
			productName = FirebasePerformance;
		};
		2FFA40362FBB0783007E80EC /* FirebaseRemoteConfig */ = {
			isa = XCSwiftPackageProductDependency;
			package = 2FFA400B2FBB0783007E80EC /* XCRemoteSwiftPackageReference "firebase-ios-sdk" */;
			productName = FirebaseRemoteConfig;
		};
		2FFA40382FBB0783007E80EC /* FirebaseStorage */ = {
			isa = XCSwiftPackageProductDependency;
			package = 2FFA400B2FBB0783007E80EC /* XCRemoteSwiftPackageReference "firebase-ios-sdk" */;
			productName = FirebaseStorage;
		};
		2FFA403A2FBB0783007E80EC /* FirebaseStorageCombine-Community */ = {
			isa = XCSwiftPackageProductDependency;
			package = 2FFA400B2FBB0783007E80EC /* XCRemoteSwiftPackageReference "firebase-ios-sdk" */;
			productName = "FirebaseStorageCombine-Community";
		};
/* End XCSwiftPackageProductDependency section */
	};
	rootObject = 2FFA3FE92FBB0621007E80EC /* Project object */;
}
